{
  "name": "@wessyu/velocity",
  "version": "0.1.0",
  "lockfileVersion": 3,
  "requires": true,
  "packages": {
    "": {
      "name": "@wessyu/velocity",
      "version": "0.1.0",
      "license": "MIT",
      "bin": {
        "velocity": "bin/velocity.js"
      },
      "engines": {
        "node": ">=20"
      }
    }
  }
}
